
Microsoft Visual Studio Solution File, Format Version 12.00
# Visual Studio Version 16
VisualStudioVersion = 16.0.31019.35
MinimumVisualStudioVersion = 10.0.40219.1
Project("{FAE04EC0-301F-11D3-BF4B-00C04F79EFBC}") = "lab2", "lab1\lab2.csproj", "{EC7CFDAC-819D-4B59-AC7E-DDD7D215C864}"
EndProject
Global
	GlobalSection(SolutionConfigurationPlatforms) = preSolution
		Debug|Any CPU = Debug|Any CPU
		Release|Any CPU = Release|Any CPU
	EndGlobalSection
	GlobalSection(ProjectConfigurationPlatforms) = postSolution
		{EC7CFDAC-819D-4B59-AC7E-DDD7D215C864}.Debug|Any CPU.ActiveCfg = Debug|Any CPU
		{EC7CFDAC-819D-4B59-AC7E-DDD7D215C864}.Debug|Any CPU.Build.0 = Debug|Any CPU
		{EC7CFDAC-819D-4B59-AC7E-DDD7D215C864}.Release|Any CPU.ActiveCfg = Release|Any CPU
		{EC7CFDAC-819D-4B59-AC7E-DDD7D215C864}.Release|Any CPU.Build.0 = Release|Any CPU
	EndGlobalSection
	GlobalSection(SolutionProperties) = preSolution
		HideSolutionNode = FALSE
	EndGlobalSection
	GlobalSection(ExtensibilityGlobals) = postSolution
		SolutionGuid = {0223F39D-EC2D-40EE-81E8-7BF1397B13F8}
	EndGlobalSection
EndGlobal
